
Microsoft Visual Studio Solution File, Format Version 12.00
# Visual Studio 15
VisualStudioVersion = 15.0.26430.16
MinimumVisualStudioVersion = 10.0.40219.1
Project("{9A19103F-16F7-4668-BE54-9A1E7A4F7556}") = "avalanchain", "avalanchain\avalanchain.csproj", "{0EF232B9-3912-4C87-AFCE-1EED29BF26E0}"
EndProject
Global
	GlobalSection(SolutionConfigurationPlatforms) = preSolution
		Debug|Any CPU = Debug|Any CPU
		Debug|iPhone = Debug|iPhone
		Debug|iPhoneSimulator = Debug|iPhoneSimulator
		PlayerDebug|Any CPU = PlayerDebug|Any CPU
		PlayerDebug|iPhone = PlayerDebug|iPhone
		PlayerDebug|iPhoneSimulator = PlayerDebug|iPhoneSimulator
		Release|Any CPU = Release|Any CPU
		Release|iPhone = Release|iPhone
		Release|iPhoneSimulator = Release|iPhoneSimulator
	EndGlobalSection
	GlobalSection(ProjectConfigurationPlatforms) = postSolution
		{0EF232B9-3912-4C87-AFCE-1EED29BF26E0}.Debug|Any CPU.ActiveCfg = Debug|Any CPU
		{0EF232B9-3912-4C87-AFCE-1EED29BF26E0}.Debug|Any CPU.Build.0 = Debug|Any CPU
		{0EF232B9-3912-4C87-AFCE-1EED29BF26E0}.Debug|iPhone.ActiveCfg = Debug|Any CPU
		{0EF232B9-3912-4C87-AFCE-1EED29BF26E0}.Debug|iPhone.Build.0 = Debug|Any CPU
		{0EF232B9-3912-4C87-AFCE-1EED29BF26E0}.Debug|iPhoneSimulator.ActiveCfg = Debug|Any CPU
		{0EF232B9-3912-4C87-AFCE-1EED29BF26E0}.Debug|iPhoneSimulator.Build.0 = Debug|Any CPU
		{0EF232B9-3912-4C87-AFCE-1EED29BF26E0}.PlayerDebug|Any CPU.ActiveCfg = Debug|Any CPU
		{0EF232B9-3912-4C87-AFCE-1EED29BF26E0}.PlayerDebug|Any CPU.Build.0 = Debug|Any CPU
		{0EF232B9-3912-4C87-AFCE-1EED29BF26E0}.PlayerDebug|iPhone.ActiveCfg = Debug|Any CPU
		{0EF232B9-3912-4C87-AFCE-1EED29BF26E0}.PlayerDebug|iPhone.Build.0 = Debug|Any CPU
		{0EF232B9-3912-4C87-AFCE-1EED29BF26E0}.PlayerDebug|iPhoneSimulator.ActiveCfg = Debug|Any CPU
		{0EF232B9-3912-4C87-AFCE-1EED29BF26E0}.PlayerDebug|iPhoneSimulator.Build.0 = Debug|Any CPU
		{0EF232B9-3912-4C87-AFCE-1EED29BF26E0}.Release|Any CPU.ActiveCfg = Release|Any CPU
		{0EF232B9-3912-4C87-AFCE-1EED29BF26E0}.Release|Any CPU.Build.0 = Release|Any CPU
		{0EF232B9-3912-4C87-AFCE-1EED29BF26E0}.Release|iPhone.ActiveCfg = Release|Any CPU
		{0EF232B9-3912-4C87-AFCE-1EED29BF26E0}.Release|iPhone.Build.0 = Release|Any CPU
		{0EF232B9-3912-4C87-AFCE-1EED29BF26E0}.Release|iPhoneSimulator.ActiveCfg = Release|Any CPU
		{0EF232B9-3912-4C87-AFCE-1EED29BF26E0}.Release|iPhoneSimulator.Build.0 = Release|Any CPU
	EndGlobalSection
	GlobalSection(SolutionProperties) = preSolution
		HideSolutionNode = FALSE
	EndGlobalSection
EndGlobal
